
Microsoft Visual Studio Solution File, Format Version 12.00
# Visual Studio Version 16
VisualStudioVersion = 16.0.30011.22
MinimumVisualStudioVersion = 10.0.40219.1
Project("{FAE04EC0-301F-11D3-BF4B-00C04F79EFBC}") = "ThreeW.Android", "3W\3W.Android\ThreeW.Android.csproj", "{21461C24-0F4C-4ED6-A797-14797A19B926}"
EndProject
Project("{FAE04EC0-301F-11D3-BF4B-00C04F79EFBC}") = "ThreeW.iOS", "3W\3W.iOS\ThreeW.iOS.csproj", "{70612E1A-F2EB-4CEB-9B77-910F3D28CEB7}"
EndProject
Project("{9A19103F-16F7-4668-BE54-9A1E7A4F7556}") = "ThreeW", "3W\3W\ThreeW.csproj", "{2BA5BF73-547B-4898-8F71-252D2E2BE405}"
EndProject
Global
	GlobalSection(SolutionConfigurationPlatforms) = preSolution
		Debug|Any CPU = Debug|Any CPU
		Debug|iPhone = Debug|iPhone
		Debug|iPhoneSimulator = Debug|iPhoneSimulator
		Release|Any CPU = Release|Any CPU
		Release|iPhone = Release|iPhone
		Release|iPhoneSimulator = Release|iPhoneSimulator
	EndGlobalSection
	GlobalSection(ProjectConfigurationPlatforms) = postSolution
		{21461C24-0F4C-4ED6-A797-14797A19B926}.Debug|Any CPU.ActiveCfg = Debug|Any CPU
		{21461C24-0F4C-4ED6-A797-14797A19B926}.Debug|Any CPU.Build.0 = Debug|Any CPU
		{21461C24-0F4C-4ED6-A797-14797A19B926}.Debug|Any CPU.Deploy.0 = Debug|Any CPU
		{21461C24-0F4C-4ED6-A797-14797A19B926}.Debug|iPhone.ActiveCfg = Debug|Any CPU
		{21461C24-0F4C-4ED6-A797-14797A19B926}.Debug|iPhone.Build.0 = Debug|Any CPU
		{21461C24-0F4C-4ED6-A797-14797A19B926}.Debug|iPhone.Deploy.0 = Debug|Any CPU
		{21461C24-0F4C-4ED6-A797-14797A19B926}.Debug|iPhoneSimulator.ActiveCfg = Debug|Any CPU
		{21461C24-0F4C-4ED6-A797-14797A19B926}.Debug|iPhoneSimulator.Build.0 = Debug|Any CPU
		{21461C24-0F4C-4ED6-A797-14797A19B926}.Debug|iPhoneSimulator.Deploy.0 = Debug|Any CPU
		{21461C24-0F4C-4ED6-A797-14797A19B926}.Release|Any CPU.ActiveCfg = Release|Any CPU
		{21461C24-0F4C-4ED6-A797-14797A19B926}.Release|Any CPU.Build.0 = Release|Any CPU
		{21461C24-0F4C-4ED6-A797-14797A19B926}.Release|Any CPU.Deploy.0 = Release|Any CPU
		{21461C24-0F4C-4ED6-A797-14797A19B926}.Release|iPhone.ActiveCfg = Release|Any CPU
		{21461C24-0F4C-4ED6-A797-14797A19B926}.Release|iPhone.Build.0 = Release|Any CPU
		{21461C24-0F4C-4ED6-A797-14797A19B926}.Release|iPhone.Deploy.0 = Release|Any CPU
		{21461C24-0F4C-4ED6-A797-14797A19B926}.Release|iPhoneSimulator.ActiveCfg = Release|Any CPU
		{21461C24-0F4C-4ED6-A797-14797A19B926}.Release|iPhoneSimulator.Build.0 = Release|Any CPU
		{21461C24-0F4C-4ED6-A797-14797A19B926}.Release|iPhoneSimulator.Deploy.0 = Release|Any CPU
		{70612E1A-F2EB-4CEB-9B77-910F3D28CEB7}.Debug|Any CPU.ActiveCfg = Debug|iPhone
		{70612E1A-F2EB-4CEB-9B77-910F3D28CEB7}.Debug|Any CPU.Build.0 = Debug|iPhone
		{70612E1A-F2EB-4CEB-9B77-910F3D28CEB7}.Debug|Any CPU.Deploy.0 = Debug|iPhone
		{70612E1A-F2EB-4CEB-9B77-910F3D28CEB7}.Debug|iPhone.ActiveCfg = Debug|iPhone
		{70612E1A-F2EB-4CEB-9B77-910F3D28CEB7}.Debug|iPhone.Build.0 = Debug|iPhone
		{70612E1A-F2EB-4CEB-9B77-910F3D28CEB7}.Debug|iPhone.Deploy.0 = Debug|iPhone
		{70612E1A-F2EB-4CEB-9B77-910F3D28CEB7}.Debug|iPhoneSimulator.ActiveCfg = Debug|iPhoneSimulator
		{70612E1A-F2EB-4CEB-9B77-910F3D28CEB7}.Debug|iPhoneSimulator.Build.0 = Debug|iPhoneSimulator
		{70612E1A-F2EB-4CEB-9B77-910F3D28CEB7}.Debug|iPhoneSimulator.Deploy.0 = Debug|iPhoneSimulator
		{70612E1A-F2EB-4CEB-9B77-910F3D28CEB7}.Release|Any CPU.ActiveCfg = Release|iPhone
		{70612E1A-F2EB-4CEB-9B77-910F3D28CEB7}.Release|Any CPU.Build.0 = Release|iPhone
		{70612E1A-F2EB-4CEB-9B77-910F3D28CEB7}.Release|Any CPU.Deploy.0 = Release|iPhone
		{70612E1A-F2EB-4CEB-9B77-910F3D28CEB7}.Release|iPhone.ActiveCfg = Release|iPhone
		{70612E1A-F2EB-4CEB-9B77-910F3D28CEB7}.Release|iPhone.Build.0 = Release|iPhone
		{70612E1A-F2EB-4CEB-9B77-910F3D28CEB7}.Release|iPhone.Deploy.0 = Release|iPhone
		{70612E1A-F2EB-4CEB-9B77-910F3D28CEB7}.Release|iPhoneSimulator.ActiveCfg = Release|iPhoneSimulator
		{70612E1A-F2EB-4CEB-9B77-910F3D28CEB7}.Release|iPhoneSimulator.Build.0 = Release|iPhoneSimulator
		{70612E1A-F2EB-4CEB-9B77-910F3D28CEB7}.Release|iPhoneSimulator.Deploy.0 = Release|iPhoneSimulator
		{2BA5BF73-547B-4898-8F71-252D2E2BE405}.Debug|Any CPU.ActiveCfg = Debug|Any CPU
		{2BA5BF73-547B-4898-8F71-252D2E2BE405}.Debug|Any CPU.Build.0 = Debug|Any CPU
		{2BA5BF73-547B-4898-8F71-252D2E2BE405}.Debug|Any CPU.Deploy.0 = Debug|Any CPU
		{2BA5BF73-547B-4898-8F71-252D2E2BE405}.Debug|iPhone.ActiveCfg = Debug|Any CPU
		{2BA5BF73-547B-4898-8F71-252D2E2BE405}.Debug|iPhone.Build.0 = Debug|Any CPU
		{2BA5BF73-547B-4898-8F71-252D2E2BE405}.Debug|iPhone.Deploy.0 = Debug|Any CPU
		{2BA5BF73-547B-4898-8F71-252D2E2BE405}.Debug|iPhoneSimulator.ActiveCfg = Debug|Any CPU
		{2BA5BF73-547B-4898-8F71-252D2E2BE405}.Debug|iPhoneSimulator.Build.0 = Debug|Any CPU
		{2BA5BF73-547B-4898-8F71-252D2E2BE405}.Debug|iPhoneSimulator.Deploy.0 = Debug|Any CPU
		{2BA5BF73-547B-4898-8F71-252D2E2BE405}.Release|Any CPU.ActiveCfg = Release|Any CPU
		{2BA5BF73-547B-4898-8F71-252D2E2BE405}.Release|Any CPU.Build.0 = Release|Any CPU
		{2BA5BF73-547B-4898-8F71-252D2E2BE405}.Release|Any CPU.Deploy.0 = Release|Any CPU
		{2BA5BF73-547B-4898-8F71-252D2E2BE405}.Release|iPhone.ActiveCfg = Release|Any CPU
		{2BA5BF73-547B-4898-8F71-252D2E2BE405}.Release|iPhone.Build.0 = Release|Any CPU
		{2BA5BF73-547B-4898-8F71-252D2E2BE405}.Release|iPhone.Deploy.0 = Release|Any CPU
		{2BA5BF73-547B-4898-8F71-252D2E2BE405}.Release|iPhoneSimulator.ActiveCfg = Release|Any CPU
		{2BA5BF73-547B-4898-8F71-252D2E2BE405}.Release|iPhoneSimulator.Build.0 = Release|Any CPU
		{2BA5BF73-547B-4898-8F71-252D2E2BE405}.Release|iPhoneSimulator.Deploy.0 = Release|Any CPU
	EndGlobalSection
	GlobalSection(SolutionProperties) = preSolution
		HideSolutionNode = FALSE
	EndGlobalSection
	GlobalSection(ExtensibilityGlobals) = postSolution
		SolutionGuid = {41332193-157C-4BAA-9459-7908ECA0A134}
	EndGlobalSection
EndGlobal
